
Microsoft Visual Studio Solution File, Format Version 12.00
# Visual Studio Version 17
VisualStudioVersion = 17.0.31903.59
MinimumVisualStudioVersion = 10.0.40219.1
Project("{FAE04EC0-301F-11D3-BF4B-00C04F79EFBC}") = "Escola.Api", "Escola.Api\Escola.Api.csproj", "{446B02EB-939D-4928-BE7E-801FCDA8C7EB}"
EndProject
Project("{FAE04EC0-301F-11D3-BF4B-00C04F79EFBC}") = "Escola.Dominio", "Escola.Dominio\Escola.Dominio.csproj", "{70BB9ACA-D5B1-4934-ABE9-8422A76DD48A}"
EndProject
Global
	GlobalSection(SolutionConfigurationPlatforms) = preSolution
		Debug|Any CPU = Debug|Any CPU
		Release|Any CPU = Release|Any CPU
	EndGlobalSection
	GlobalSection(SolutionProperties) = preSolution
		HideSolutionNode = FALSE
	EndGlobalSection
	GlobalSection(ProjectConfigurationPlatforms) = postSolution
		{446B02EB-939D-4928-BE7E-801FCDA8C7EB}.Debug|Any CPU.ActiveCfg = Debug|Any CPU
		{446B02EB-939D-4928-BE7E-801FCDA8C7EB}.Debug|Any CPU.Build.0 = Debug|Any CPU
		{446B02EB-939D-4928-BE7E-801FCDA8C7EB}.Release|Any CPU.ActiveCfg = Release|Any CPU
		{446B02EB-939D-4928-BE7E-801FCDA8C7EB}.Release|Any CPU.Build.0 = Release|Any CPU
		{70BB9ACA-D5B1-4934-ABE9-8422A76DD48A}.Debug|Any CPU.ActiveCfg = Debug|Any CPU
		{70BB9ACA-D5B1-4934-ABE9-8422A76DD48A}.Debug|Any CPU.Build.0 = Debug|Any CPU
		{70BB9ACA-D5B1-4934-ABE9-8422A76DD48A}.Release|Any CPU.ActiveCfg = Release|Any CPU
		{70BB9ACA-D5B1-4934-ABE9-8422A76DD48A}.Release|Any CPU.Build.0 = Release|Any CPU
	EndGlobalSection
EndGlobal
